// !$*UTF8*$!
{
	archiveVersion = 1;
	classes = {
	};
	objectVersion = 46;
	objects = {

/* Begin PBXBuildFile section */
		8BCF4B4A1BC6F57400A2508C /* AppDelegate.swift in Sources */ = {isa = PBXBuildFile; fileRef = 8BCF4B491BC6F57400A2508C /* AppDelegate.swift */; };
		8BCF4B4C1BC6F57400A2508C /* ViewController.swift in Sources */ = {isa = PBXBuildFile; fileRef = 8BCF4B4B1BC6F57400A2508C /* ViewController.swift */; };
		8BCF4B4F1BC6F57400A2508C /* Main.storyboard in Resources */ = {isa = PBXBuildFile; fileRef = 8BCF4B4D1BC6F57400A2508C /* Main.storyboard */; };
		8BCF4B511BC6F57400A2508C /* Assets.xcassets in Resources */ = {isa = PBXBuildFile; fileRef = 8BCF4B501BC6F57400A2508C /* Assets.xcassets */; };
		8BCF4B541BC6F57400A2508C /* LaunchScreen.storyboard in Resources */ = {isa = PBXBuildFile; fileRef = 8BCF4B521BC6F57400A2508C /* LaunchScreen.storyboard */; };
/* End PBXBuildFile section */

/* Begin PBXFileReference section */
		8BCF4B461BC6F57400A2508C /* gittest.app */ = {isa = PBXFileReference; explicitFileType = wrapper.application; includeInIndex = 0; path = gittest.app; sourceTree = BUILT_PRODUCTS_DIR; };
		8BCF4B491BC6F57400A2508C /* AppDelegate.swift */ = {isa = PBXFileReference; lastKnownFileType = sourcecode.swift; path = AppDelegate.swift; sourceTree = "<group>"; };
		8BCF4B4B1BC6F57400A2508C /* ViewController.swift */ = {isa = PBXFileReference; lastKnownFileType = sourcecode.swift; path = ViewController.swift; sourceTree = "<group>"; };
		8BCF4B4E1BC6F57400A2508C /* Base */ = {isa = PBXFileReference; lastKnownFileType = file.storyboard; name = Base; path = Base.lproj/Main.storyboard; sourceTree = "<group>"; };
		8BCF4B501BC6F57400A2508C /* Assets.xcassets */ = {isa = PBXFileReference; lastKnownFileType = folder.assetcatalog; path = Assets.xcassets; sourceTree = "<group>"; };
		8BCF4B531BC6F57400A2508C /* Base */ = {isa = PBXFileReference; lastKnownFileType = file.storyboard; name = Base; path = Base.lproj/LaunchScreen.storyboard; sourceTree = "<group>"; };
		8BCF4B551BC6F57400A2508C /* Info.plist */ = {isa = PBXFileReference; lastKnownFileType = text.plist.xml; path = Info.plist; sourceTree = "<group>"; };
/* End PBXFileReference section */

/* Begin PBXFrameworksBuildPhase section */
		8BCF4B431BC6F57400A2508C /* Frameworks */ = {
			isa = PBXFrameworksBuildPhase;
			buildActionMask = 2147483647;
			files = (
			);
			runOnlyForDeploymentPostprocessing = 0;
		};
/* End PBXFrameworksBuildPhase section */

/* Begin PBXGroup section */
		8BCF4B3D1BC6F57400A2508C = {
			isa = PBXGroup;
			children = (
				8BCF4B481BC6F57400A2508C /* gittest */,
				8BCF4B471BC6F57400A2508C /* Products */,
			);
			sourceTree = "<group>";
		};
		8BCF4B471BC6F57400A2508C /* Products */ = {
			isa = PBXGroup;
			children = (
				8BCF4B461BC6F57400A2508C /* gittest.app */,
			);
			name = Products;
			sourceTree = "<group>";
		};
		8BCF4B481BC6F57400A2508C /* gittest */ = {
			isa = PBXGroup;
			children = (
				8BCF4B491BC6F57400A2508C /* AppDelegate.swift */,
				8BCF4B4B1BC6F57400A2508C /* ViewController.swift */,
				8BCF4B4D1BC6F57400A2508C /* Main.storyboard */,
				8BCF4B501BC6F57400A2508C /* Assets.xcassets */,
				8BCF4B521BC6F57400A2508C /* LaunchScreen.storyboard */,
				8BCF4B551BC6F57400A2508C /* Info.plist */,
			);
			path = gittest;
			sourceTree = "<group>";
		};
/* End PBXGroup section */

/* Begin PBXNativeTarget section */
		8BCF4B451BC6F57400A2508C /* gittest */ = {
			isa = PBXNativeTarget;
			buildConfigurationList = 8BCF4B581BC6F57400A2508C /* Build configuration list for PBXNativeTarget "gittest" */;
			buildPhases = (
				8BCF4B421BC6F57400A2508C /* Sources */,
				8BCF4B431BC6F57400A2508C /* Frameworks */,
				8BCF4B441BC6F57400A2508C /* Resources */,
			);
			buildRules = (
			);
			dependencies = (
			);
			name = gittest;
			productName = gittest;
			productReference = 8BCF4B461BC6F57400A2508C /* gittest.app */;
			productType = "com.apple.product-type.application";
		};
/* End PBXNativeTarget section */

/* Begin PBXProject section */
		8BCF4B3E1BC6F57400A2508C /* Project object */ = {
			isa = PBXProject;
			attributes = {
				LastUpgradeCheck = 0700;
				ORGANIZATIONNAME = "Øyvind Gjervik";
				TargetAttributes = {
					8BCF4B451BC6F57400A2508C = {
						CreatedOnToolsVersion = 7.0.1;
					};
				};
			};
			buildConfigurationList = 8BCF4B411BC6F57400A2508C /* Build configuration list for PBXProject "gittest" */;
			compatibilityVersion = "Xcode 3.2";
			developmentRegion = English;
			hasScannedForEncodings = 0;
			knownRegions = (
				en,
				Base,
			);
			mainGroup = 8BCF4B3D1BC6F57400A2508C;
			productRefGroup = 8BCF4B471BC6F57400A2508C /* Products */;
			projectDirPath = "";
			projectRoot = "";
			targets = (
				8BCF4B451BC6F57400A2508C /* gittest */,
			);
		};
/* End PBXProject section */

/* Begin PBXResourcesBuildPhase section */
		8BCF4B441BC6F57400A2508C /* Resources */ = {
			isa = PBXResourcesBuildPhase;
			buildActionMask = 2147483647;
			files = (
				8BCF4B541BC6F57400A2508C /* LaunchScreen.storyboard in Resources */,
				8BCF4B511BC6F57400A2508C /* Assets.xcassets in Resources */,
				8BCF4B4F1BC6F57400A2508C /* Main.storyboard in Resources */,
			);
			runOnlyForDeploymentPostprocessing = 0;
		};
/* End PBXResourcesBuildPhase section */

/* Begin PBXSourcesBuildPhase section */
		8BCF4B421BC6F57400A2508C /* Sources */ = {
			isa = PBXSourcesBuildPhase;
			buildActionMask = 2147483647;
			files = (
				8BCF4B4C1BC6F57400A2508C /* ViewController.swift in Sources */,
				8BCF4B4A1BC6F57400A2508C /* AppDelegate.swift in Sources */,
			);
			runOnlyForDeploymentPostprocessing = 0;
		};
/* End PBXSourcesBuildPhase section */

/* Begin PBXVariantGroup section */
		8BCF4B4D1BC6F57400A2508C /* Main.storyboard */ = {
			isa = PBXVariantGroup;
			children = (
				8BCF4B4E1BC6F57400A2508C /* Base */,
			);
			name = Main.storyboard;
			sourceTree = "<group>";
		};
		8BCF4B521BC6F57400A2508C /* LaunchScreen.storyboard */ = {
			isa = PBXVariantGroup;
			children = (
				8BCF4B531BC6F57400A2508C /* Base */,
			);
			name = LaunchScreen.storyboard;
			sourceTree = "<group>";
		};
/* End PBXVariantGroup section */

/* Begin XCBuildConfiguration section */
		8BCF4B561BC6F57400A2508C /* Debug */ = {
			isa = XCBuildConfiguration;
			buildSettings = {
				ALWAYS_SEARCH_USER_PATHS = NO;
				CLANG_CXX_LANGUAGE_STANDARD = "gnu++0x";
				CLANG_CXX_LIBRARY = "libc++";
				CLANG_ENABLE_MODULES = YES;
				CLANG_ENABLE_OBJC_ARC = YES;
				CLANG_WARN_BOOL_CONVERSION = YES;
				CLANG_WARN_CONSTANT_CONVERSION = YES;
				CLANG_WARN_DIRECT_OBJC_ISA_USAGE = YES_ERROR;
				CLANG_WARN_EMPTY_BODY = YES;
				CLANG_WARN_ENUM_CONVERSION = YES;
				CLANG_WARN_INT_CONVERSION = YES;
				CLANG_WARN_OBJC_ROOT_CLASS = YES_ERROR;
				CLANG_WARN_UNREACHABLE_CODE = YES;
				CLANG_WARN__DUPLICATE_METHOD_MATCH = YES;
				"CODE_SIGN_IDENTITY[sdk=iphoneos*]" = "iPhone Developer";
				COPY_PHASE_STRIP = NO;
				DEBUG_INFORMATION_FORMAT = dwarf;
				ENABLE_STRICT_OBJC_MSGSEND = YES;
				ENABLE_TESTABILITY = YES;
				GCC_C_LANGUAGE_STANDARD = gnu99;
				GCC_DYNAMIC_NO_PIC = NO;
				GCC_NO_COMMON_BLOCKS = YES;
				GCC_OPTIMIZATION_LEVEL = 0;
				GCC_PREPROCESSOR_DEFINITIONS = (
					"DEBUG=1",
					"$(inherited)",
				);
				GCC_WARN_64_TO_32_BIT_CONVERSION = YES;
				GCC_WARN_ABOUT_RETURN_TYPE = YES_ERROR;
				GCC_WARN_UNDECLARED_SELECTOR = YES;
				GCC_WARN_UNINITIALIZED_AUTOS = YES_AGGRESSIVE;
				GCC_WARN_UNUSED_FUNCTION = YES;
				GCC_WARN_UNUSED_VARIABLE = YES;
				IPHONEOS_DEPLOYMENT_TARGET = 9.0;
				MTL_ENABLE_DEBUG_INFO = YES;
				ONLY_ACTIVE_ARCH = YES;
				SDKROOT = iphoneos;
				SWIFT_OPTIMIZATION_LEVEL = "-Onone";
				TARGETED_DEVICE_FAMILY = "1,2";
			};
			name = Debug;
		};
		8BCF4B571BC6F57400A2508C /* Release */ = {
			isa = XCBuildConfiguration;
			buildSettings = {
				ALWAYS_SEARCH_USER_PATHS = NO;
				CLANG_CXX_LANGUAGE_STANDARD = "gnu++0x";
				CLANG_CXX_LIBRARY = "libc++";
				CLANG_ENABLE_MODULES = YES;
				CLANG_ENABLE_OBJC_ARC = YES;
				CLANG_WARN_BOOL_CONVERSION = YES;
				CLANG_WARN_CONSTANT_CONVERSION = YES;
				CLANG_WARN_DIRECT_OBJC_ISA_USAGE = YES_ERROR;
				CLANG_WARN_EMPTY_BODY = YES;
				CLANG_WARN_ENUM_CONVERSION = YES;
				CLANG_WARN_INT_CONVERSION = YES;
				CLANG_WARN_OBJC_ROOT_CLASS = YES_ERROR;
				CLANG_WARN_UNREACHABLE_CODE = YES;
				CLANG_WARN__DUPLICATE_METHOD_MATCH = YES;
				"CODE_SIGN_IDENTITY[sdk=iphoneos*]" = "iPhone Developer";
				COPY_PHASE_STRIP = NO;
				DEBUG_INFORMATION_FORMAT = "dwarf-with-dsym";
				ENABLE_NS_ASSERTIONS = NO;
				ENABLE_STRICT_OBJC_MSGSEND = YES;
				GCC_C_LANGUAGE_STANDARD = gnu99;
				GCC_NO_COMMON_BLOCKS = YES;
				GCC_WARN_64_TO_32_BIT_CONVERSION = YES;
				GCC_WARN_ABOUT_RETURN_TYPE = YES_ERROR;
				GCC_WARN_UNDECLARED_SELECTOR = YES;
				GCC_WARN_UNINITIALIZED_AUTOS = YES_AGGRESSIVE;
				GCC_WARN_UNUSED_FUNCTION = YES;
				GCC_WARN_UNUSED_VARIABLE = YES;
				IPHONEOS_DEPLOYMENT_TARGET = 9.0;
				MTL_ENABLE_DEBUG_INFO = NO;
				SDKROOT = iphoneos;
				TARGETED_DEVICE_FAMILY = "1,2";
				VALIDATE_PRODUCT = YES;
			};
			name = Release;
		};
		8BCF4B591BC6F57400A2508C /* Debug */ = {
			isa = XCBuildConfiguration;
			buildSettings = {
				ASSETCATALOG_COMPILER_APPICON_NAME = AppIcon;
				INFOPLIST_FILE = gittest/Info.plist;
				LD_RUNPATH_SEARCH_PATHS = "$(inherited) @executable_path/Frameworks";
				PRODUCT_BUNDLE_IDENTIFIER = com.oyvonti.gittest;
				PRODUCT_NAME = "$(TARGET_NAME)";
			};
			name = Debug;
		};
		8BCF4B5A1BC6F57400A2508C /* Release */ = {
			isa = XCBuildConfiguration;
			buildSettings = {
				ASSETCATALOG_COMPILER_APPICON_NAME = AppIcon;
				INFOPLIST_FILE = gittest/Info.plist;
				LD_RUNPATH_SEARCH_PATHS = "$(inherited) @executable_path/Frameworks";
				PRODUCT_BUNDLE_IDENTIFIER = com.oyvonti.gittest;
				PRODUCT_NAME = "$(TARGET_NAME)";
			};
			name = Release;
		};
/* End XCBuildConfiguration section */

/* Begin XCConfigurationList section */
		8BCF4B411BC6F57400A2508C /* Build configuration list for PBXProject "gittest" */ = {
			isa = XCConfigurationList;
			buildConfigurations = (
				8BCF4B561BC6F57400A2508C /* Debug */,
				8BCF4B571BC6F57400A2508C /* Release */,
			);
			defaultConfigurationIsVisible = 0;
			defaultConfigurationName = Release;
		};
		8BCF4B581BC6F57400A2508C /* Build configuration list for PBXNativeTarget "gittest" */ = {
			isa = XCConfigurationList;
			buildConfigurations = (
				8BCF4B591BC6F57400A2508C /* Debug */,
				8BCF4B5A1BC6F57400A2508C /* Release */,
			);
			defaultConfigurationIsVisible = 0;
		};
/* End XCConfigurationList section */
	};
	rootObject = 8BCF4B3E1BC6F57400A2508C /* Project object */;
}
